
Microsoft Visual Studio Solution File, Format Version 12.00
# Visual Studio Version 17
VisualStudioVersion = 17.8.34511.84
MinimumVisualStudioVersion = 10.0.40219.1
Project("{8BC9CEB8-8B4A-11D0-8D11-00A0C91BC942}") = "ForwardList", "ForwardList\ForwardList.vcxproj", "{15298190-FA73-47D3-ACF4-63FFCE0D113B}"
EndProject
Project("{8BC9CEB8-8B4A-11D0-8D11-00A0C91BC942}") = "List2", "List2\List2.vcxproj", "{22B11A42-1559-4FAC-A128-7A713E684235}"
EndProject
Project("{8BC9CEB8-8B4A-11D0-8D11-00A0C91BC942}") = "ListHomeWork", "ListHomeWork\ListHomeWork.vcxproj", "{BF84281A-D890-4717-894B-9B637790FDE0}"
EndProject
Global
	GlobalSection(SolutionConfigurationPlatforms) = preSolution
		Debug|x64 = Debug|x64
		Debug|x86 = Debug|x86
		Release|x64 = Release|x64
		Release|x86 = Release|x86
	EndGlobalSection
	GlobalSection(ProjectConfigurationPlatforms) = postSolution
		{15298190-FA73-47D3-ACF4-63FFCE0D113B}.Debug|x64.ActiveCfg = Debug|x64
		{15298190-FA73-47D3-ACF4-63FFCE0D113B}.Debug|x64.Build.0 = Debug|x64
		{15298190-FA73-47D3-ACF4-63FFCE0D113B}.Debug|x86.ActiveCfg = Debug|Win32
		{15298190-FA73-47D3-ACF4-63FFCE0D113B}.Debug|x86.Build.0 = Debug|Win32
		{15298190-FA73-47D3-ACF4-63FFCE0D113B}.Release|x64.ActiveCfg = Release|x64
		{15298190-FA73-47D3-ACF4-63FFCE0D113B}.Release|x64.Build.0 = Release|x64
		{15298190-FA73-47D3-ACF4-63FFCE0D113B}.Release|x86.ActiveCfg = Release|Win32
		{15298190-FA73-47D3-ACF4-63FFCE0D113B}.Release|x86.Build.0 = Release|Win32
		{22B11A42-1559-4FAC-A128-7A713E684235}.Debug|x64.ActiveCfg = Debug|x64
		{22B11A42-1559-4FAC-A128-7A713E684235}.Debug|x64.Build.0 = Debug|x64
		{22B11A42-1559-4FAC-A128-7A713E684235}.Debug|x86.ActiveCfg = Debug|Win32
		{22B11A42-1559-4FAC-A128-7A713E684235}.Debug|x86.Build.0 = Debug|Win32
		{22B11A42-1559-4FAC-A128-7A713E684235}.Release|x64.ActiveCfg = Release|x64
		{22B11A42-1559-4FAC-A128-7A713E684235}.Release|x64.Build.0 = Release|x64
		{22B11A42-1559-4FAC-A128-7A713E684235}.Release|x86.ActiveCfg = Release|Win32
		{22B11A42-1559-4FAC-A128-7A713E684235}.Release|x86.Build.0 = Release|Win32
		{BF84281A-D890-4717-894B-9B637790FDE0}.Debug|x64.ActiveCfg = Debug|x64
		{BF84281A-D890-4717-894B-9B637790FDE0}.Debug|x64.Build.0 = Debug|x64
		{BF84281A-D890-4717-894B-9B637790FDE0}.Debug|x86.ActiveCfg = Debug|Win32
		{BF84281A-D890-4717-894B-9B637790FDE0}.Debug|x86.Build.0 = Debug|Win32
		{BF84281A-D890-4717-894B-9B637790FDE0}.Release|x64.ActiveCfg = Release|x64
		{BF84281A-D890-4717-894B-9B637790FDE0}.Release|x64.Build.0 = Release|x64
		{BF84281A-D890-4717-894B-9B637790FDE0}.Release|x86.ActiveCfg = Release|Win32
		{BF84281A-D890-4717-894B-9B637790FDE0}.Release|x86.Build.0 = Release|Win32
	EndGlobalSection
	GlobalSection(SolutionProperties) = preSolution
		HideSolutionNode = FALSE
	EndGlobalSection
	GlobalSection(ExtensibilityGlobals) = postSolution
		SolutionGuid = {7AA3701D-22E6-4DBD-BE18-F1502FA771EA}
	EndGlobalSection
EndGlobal
